
Microsoft Visual Studio Solution File, Format Version 12.00
# Visual Studio Version 17
VisualStudioVersion = 17.9.34728.123
MinimumVisualStudioVersion = 10.0.40219.1
Project("{FAE04EC0-301F-11D3-BF4B-00C04F79EFBC}") = "Task5Info", "Task5Info\Task5Info.csproj", "{3058B778-AE86-4A7A-B9A1-BF77946EBED5}"
EndProject
Global
	GlobalSection(SolutionConfigurationPlatforms) = preSolution
		Debug|Any CPU = Debug|Any CPU
		Release|Any CPU = Release|Any CPU
	EndGlobalSection
	GlobalSection(ProjectConfigurationPlatforms) = postSolution
		{3058B778-AE86-4A7A-B9A1-BF77946EBED5}.Debug|Any CPU.ActiveCfg = Debug|Any CPU
		{3058B778-AE86-4A7A-B9A1-BF77946EBED5}.Debug|Any CPU.Build.0 = Debug|Any CPU
		{3058B778-AE86-4A7A-B9A1-BF77946EBED5}.Release|Any CPU.ActiveCfg = Release|Any CPU
		{3058B778-AE86-4A7A-B9A1-BF77946EBED5}.Release|Any CPU.Build.0 = Release|Any CPU
	EndGlobalSection
	GlobalSection(SolutionProperties) = preSolution
		HideSolutionNode = FALSE
	EndGlobalSection
	GlobalSection(ExtensibilityGlobals) = postSolution
		SolutionGuid = {DEACADB2-CEA0-4FC6-826C-42E7C4E00EC9}
	EndGlobalSection
EndGlobal
